
Microsoft Visual Studio Solution File, Format Version 12.00
# Visual Studio Version 17
VisualStudioVersion = 17.14.36705.20 d17.14
MinimumVisualStudioVersion = 10.0.40219.1
Project("{FAE04EC0-301F-11D3-BF4B-00C04F79EFBC}") = "bai2lab8", "bai2lab8\bai2lab8.csproj", "{001E1B5D-6F5F-4481-9BFC-A7006FC23A10}"
EndProject
Global
	GlobalSection(SolutionConfigurationPlatforms) = preSolution
		Debug|Any CPU = Debug|Any CPU
		Release|Any CPU = Release|Any CPU
	EndGlobalSection
	GlobalSection(ProjectConfigurationPlatforms) = postSolution
		{001E1B5D-6F5F-4481-9BFC-A7006FC23A10}.Debug|Any CPU.ActiveCfg = Debug|Any CPU
		{001E1B5D-6F5F-4481-9BFC-A7006FC23A10}.Debug|Any CPU.Build.0 = Debug|Any CPU
		{001E1B5D-6F5F-4481-9BFC-A7006FC23A10}.Release|Any CPU.ActiveCfg = Release|Any CPU
		{001E1B5D-6F5F-4481-9BFC-A7006FC23A10}.Release|Any CPU.Build.0 = Release|Any CPU
	EndGlobalSection
	GlobalSection(SolutionProperties) = preSolution
		HideSolutionNode = FALSE
	EndGlobalSection
	GlobalSection(ExtensibilityGlobals) = postSolution
		SolutionGuid = {1EC1DC21-2BA7-4388-AA5F-3CAFEF05ABFB}
	EndGlobalSection
EndGlobal
