
Microsoft Visual Studio Solution File, Format Version 12.00
# Visual Studio Version 17
VisualStudioVersion = 17.14.36705.20 d17.14
MinimumVisualStudioVersion = 10.0.40219.1
Project("{FAE04EC0-301F-11D3-BF4B-00C04F79EFBC}") = "bai3lab5", "bai3lab5\bai3lab5.csproj", "{FA6901C2-CF60-4C2C-BE83-389DCD1A7C47}"
EndProject
Global
	GlobalSection(SolutionConfigurationPlatforms) = preSolution
		Debug|Any CPU = Debug|Any CPU
		Release|Any CPU = Release|Any CPU
	EndGlobalSection
	GlobalSection(ProjectConfigurationPlatforms) = postSolution
		{FA6901C2-CF60-4C2C-BE83-389DCD1A7C47}.Debug|Any CPU.ActiveCfg = Debug|Any CPU
		{FA6901C2-CF60-4C2C-BE83-389DCD1A7C47}.Debug|Any CPU.Build.0 = Debug|Any CPU
		{FA6901C2-CF60-4C2C-BE83-389DCD1A7C47}.Release|Any CPU.ActiveCfg = Release|Any CPU
		{FA6901C2-CF60-4C2C-BE83-389DCD1A7C47}.Release|Any CPU.Build.0 = Release|Any CPU
	EndGlobalSection
	GlobalSection(SolutionProperties) = preSolution
		HideSolutionNode = FALSE
	EndGlobalSection
	GlobalSection(ExtensibilityGlobals) = postSolution
		SolutionGuid = {FF5E88AB-6AAE-49D6-9D81-DB88C691B40D}
	EndGlobalSection
EndGlobal
