
Microsoft Visual Studio Solution File, Format Version 12.00
# Visual Studio Version 17
VisualStudioVersion = 17.14.36705.20 d17.14
MinimumVisualStudioVersion = 10.0.40219.1
Project("{FAE04EC0-301F-11D3-BF4B-00C04F79EFBC}") = "bai2lab6", "bai2lab6\bai2lab6.csproj", "{F4281EE2-BDEE-4889-AFF5-B02191FB05AF}"
EndProject
Global
	GlobalSection(SolutionConfigurationPlatforms) = preSolution
		Debug|Any CPU = Debug|Any CPU
		Release|Any CPU = Release|Any CPU
	EndGlobalSection
	GlobalSection(ProjectConfigurationPlatforms) = postSolution
		{F4281EE2-BDEE-4889-AFF5-B02191FB05AF}.Debug|Any CPU.ActiveCfg = Debug|Any CPU
		{F4281EE2-BDEE-4889-AFF5-B02191FB05AF}.Debug|Any CPU.Build.0 = Debug|Any CPU
		{F4281EE2-BDEE-4889-AFF5-B02191FB05AF}.Release|Any CPU.ActiveCfg = Release|Any CPU
		{F4281EE2-BDEE-4889-AFF5-B02191FB05AF}.Release|Any CPU.Build.0 = Release|Any CPU
	EndGlobalSection
	GlobalSection(SolutionProperties) = preSolution
		HideSolutionNode = FALSE
	EndGlobalSection
	GlobalSection(ExtensibilityGlobals) = postSolution
		SolutionGuid = {BE1F338D-51C8-4BB8-8121-9516ED87592D}
	EndGlobalSection
EndGlobal
